// !$*UTF8*$!
{
	archiveVersion = 1;
	classes = {
	};
	objectVersion = 46;
	objects = {

/* Begin PBXBuildFile section */
		55AEC6221DC524A000F9EE04 /* AppDelegate.swift in Sources */ = {isa = PBXBuildFile; fileRef = 55AEC6211DC524A000F9EE04 /* AppDelegate.swift */; };
		55AEC6241DC524A000F9EE04 /* ViewController.swift in Sources */ = {isa = PBXBuildFile; fileRef = 55AEC6231DC524A000F9EE04 /* ViewController.swift */; };
		55AEC6271DC524A000F9EE04 /* Main.storyboard in Resources */ = {isa = PBXBuildFile; fileRef = 55AEC6251DC524A000F9EE04 /* Main.storyboard */; };
		55AEC6291DC524A000F9EE04 /* Assets.xcassets in Resources */ = {isa = PBXBuildFile; fileRef = 55AEC6281DC524A000F9EE04 /* Assets.xcassets */; };
		55AEC62C1DC524A000F9EE04 /* LaunchScreen.storyboard in Resources */ = {isa = PBXBuildFile; fileRef = 55AEC62A1DC524A000F9EE04 /* LaunchScreen.storyboard */; };
		55AEC6371DC524A100F9EE04 /* ATTSanDiegoTests.swift in Sources */ = {isa = PBXBuildFile; fileRef = 55AEC6361DC524A100F9EE04 /* ATTSanDiegoTests.swift */; };
		675BB2B7166CDCDBF39313C1 /* Pods_ATTSanDiego.framework in Frameworks */ = {isa = PBXBuildFile; fileRef = FC719396BA50A503003FA245 /* Pods_ATTSanDiego.framework */; };
		D37FA6E9245F4C5EA4F7E6A0 /* Pods_ATTSanDiegoTests.framework in Frameworks */ = {isa = PBXBuildFile; fileRef = 7BFCFF5C3F7D62256B438060 /* Pods_ATTSanDiegoTests.framework */; };
/* End PBXBuildFile section */

/* Begin PBXContainerItemProxy section */
		55AEC6331DC524A100F9EE04 /* PBXContainerItemProxy */ = {
			isa = PBXContainerItemProxy;
			containerPortal = 55AEC6161DC524A000F9EE04 /* Project object */;
			proxyType = 1;
			remoteGlobalIDString = 55AEC61D1DC524A000F9EE04;
			remoteInfo = ATTSanDiego;
		};
/* End PBXContainerItemProxy section */

/* Begin PBXFileReference section */
		521EF3FF16FF8632DA687F1F /* Pods-ATTSanDiegoTests.debug.xcconfig */ = {isa = PBXFileReference; includeInIndex = 1; lastKnownFileType = text.xcconfig; name = "Pods-ATTSanDiegoTests.debug.xcconfig"; path = "Pods/Target Support Files/Pods-ATTSanDiegoTests/Pods-ATTSanDiegoTests.debug.xcconfig"; sourceTree = "<group>"; };
		55AEC61E1DC524A000F9EE04 /* ATTSanDiego.app */ = {isa = PBXFileReference; explicitFileType = wrapper.application; includeInIndex = 0; path = ATTSanDiego.app; sourceTree = BUILT_PRODUCTS_DIR; };
		55AEC6211DC524A000F9EE04 /* AppDelegate.swift */ = {isa = PBXFileReference; lastKnownFileType = sourcecode.swift; path = AppDelegate.swift; sourceTree = "<group>"; };
		55AEC6231DC524A000F9EE04 /* ViewController.swift */ = {isa = PBXFileReference; lastKnownFileType = sourcecode.swift; path = ViewController.swift; sourceTree = "<group>"; };
		55AEC6261DC524A000F9EE04 /* Base */ = {isa = PBXFileReference; lastKnownFileType = file.storyboard; name = Base; path = Base.lproj/Main.storyboard; sourceTree = "<group>"; };
		55AEC6281DC524A000F9EE04 /* Assets.xcassets */ = {isa = PBXFileReference; lastKnownFileType = folder.assetcatalog; path = Assets.xcassets; sourceTree = "<group>"; };
		55AEC62B1DC524A000F9EE04 /* Base */ = {isa = PBXFileReference; lastKnownFileType = file.storyboard; name = Base; path = Base.lproj/LaunchScreen.storyboard; sourceTree = "<group>"; };
		55AEC62D1DC524A000F9EE04 /* Info.plist */ = {isa = PBXFileReference; lastKnownFileType = text.plist.xml; path = Info.plist; sourceTree = "<group>"; };
		55AEC6321DC524A100F9EE04 /* ATTSanDiegoTests.xctest */ = {isa = PBXFileReference; explicitFileType = wrapper.cfbundle; includeInIndex = 0; path = ATTSanDiegoTests.xctest; sourceTree = BUILT_PRODUCTS_DIR; };
		55AEC6361DC524A100F9EE04 /* ATTSanDiegoTests.swift */ = {isa = PBXFileReference; lastKnownFileType = sourcecode.swift; path = ATTSanDiegoTests.swift; sourceTree = "<group>"; };
		55AEC6381DC524A100F9EE04 /* Info.plist */ = {isa = PBXFileReference; lastKnownFileType = text.plist.xml; path = Info.plist; sourceTree = "<group>"; };
		7BFCFF5C3F7D62256B438060 /* Pods_ATTSanDiegoTests.framework */ = {isa = PBXFileReference; explicitFileType = wrapper.framework; includeInIndex = 0; path = Pods_ATTSanDiegoTests.framework; sourceTree = BUILT_PRODUCTS_DIR; };
		9F102CAA8F67A59B61C95CF9 /* Pods-ATTSanDiegoTests.release.xcconfig */ = {isa = PBXFileReference; includeInIndex = 1; lastKnownFileType = text.xcconfig; name = "Pods-ATTSanDiegoTests.release.xcconfig"; path = "Pods/Target Support Files/Pods-ATTSanDiegoTests/Pods-ATTSanDiegoTests.release.xcconfig"; sourceTree = "<group>"; };
		BA055B98207DFC66D6EE6833 /* Pods-ATTSanDiego.debug.xcconfig */ = {isa = PBXFileReference; includeInIndex = 1; lastKnownFileType = text.xcconfig; name = "Pods-ATTSanDiego.debug.xcconfig"; path = "Pods/Target Support Files/Pods-ATTSanDiego/Pods-ATTSanDiego.debug.xcconfig"; sourceTree = "<group>"; };
		DFC3EB09AB54A3088FECB961 /* Pods-ATTSanDiego.release.xcconfig */ = {isa = PBXFileReference; includeInIndex = 1; lastKnownFileType = text.xcconfig; name = "Pods-ATTSanDiego.release.xcconfig"; path = "Pods/Target Support Files/Pods-ATTSanDiego/Pods-ATTSanDiego.release.xcconfig"; sourceTree = "<group>"; };
		FC719396BA50A503003FA245 /* Pods_ATTSanDiego.framework */ = {isa = PBXFileReference; explicitFileType = wrapper.framework; includeInIndex = 0; path = Pods_ATTSanDiego.framework; sourceTree = BUILT_PRODUCTS_DIR; };
/* End PBXFileReference section */

/* Begin PBXFrameworksBuildPhase section */
		55AEC61B1DC524A000F9EE04 /* Frameworks */ = {
			isa = PBXFrameworksBuildPhase;
			buildActionMask = 2147483647;
			files = (
				675BB2B7166CDCDBF39313C1 /* Pods_ATTSanDiego.framework in Frameworks */,
			);
			runOnlyForDeploymentPostprocessing = 0;
		};
		55AEC62F1DC524A100F9EE04 /* Frameworks */ = {
			isa = PBXFrameworksBuildPhase;
			buildActionMask = 2147483647;
			files = (
				D37FA6E9245F4C5EA4F7E6A0 /* Pods_ATTSanDiegoTests.framework in Frameworks */,
			);
			runOnlyForDeploymentPostprocessing = 0;
		};
/* End PBXFrameworksBuildPhase section */

/* Begin PBXGroup section */
		55AEC6151DC524A000F9EE04 = {
			isa = PBXGroup;
			children = (
				55AEC6201DC524A000F9EE04 /* ATTSanDiego */,
				55AEC6351DC524A100F9EE04 /* ATTSanDiegoTests */,
				55AEC61F1DC524A000F9EE04 /* Products */,
				ADA34D635B5B088AD63C82CA /* Pods */,
				AEEB1B7CAF8B714C805281BB /* Frameworks */,
			);
			sourceTree = "<group>";
		};
		55AEC61F1DC524A000F9EE04 /* Products */ = {
			isa = PBXGroup;
			children = (
				55AEC61E1DC524A000F9EE04 /* ATTSanDiego.app */,
				55AEC6321DC524A100F9EE04 /* ATTSanDiegoTests.xctest */,
			);
			name = Products;
			sourceTree = "<group>";
		};
		55AEC6201DC524A000F9EE04 /* ATTSanDiego */ = {
			isa = PBXGroup;
			children = (
				55AEC6211DC524A000F9EE04 /* AppDelegate.swift */,
				55AEC6231DC524A000F9EE04 /* ViewController.swift */,
				55AEC6251DC524A000F9EE04 /* Main.storyboard */,
				55AEC6281DC524A000F9EE04 /* Assets.xcassets */,
				55AEC62A1DC524A000F9EE04 /* LaunchScreen.storyboard */,
				55AEC62D1DC524A000F9EE04 /* Info.plist */,
			);
			path = ATTSanDiego;
			sourceTree = "<group>";
		};
		55AEC6351DC524A100F9EE04 /* ATTSanDiegoTests */ = {
			isa = PBXGroup;
			children = (
				55AEC6361DC524A100F9EE04 /* ATTSanDiegoTests.swift */,
				55AEC6381DC524A100F9EE04 /* Info.plist */,
			);
			path = ATTSanDiegoTests;
			sourceTree = "<group>";
		};
		ADA34D635B5B088AD63C82CA /* Pods */ = {
			isa = PBXGroup;
			children = (
				BA055B98207DFC66D6EE6833 /* Pods-ATTSanDiego.debug.xcconfig */,
				DFC3EB09AB54A3088FECB961 /* Pods-ATTSanDiego.release.xcconfig */,
				521EF3FF16FF8632DA687F1F /* Pods-ATTSanDiegoTests.debug.xcconfig */,
				9F102CAA8F67A59B61C95CF9 /* Pods-ATTSanDiegoTests.release.xcconfig */,
			);
			name = Pods;
			sourceTree = "<group>";
		};
		AEEB1B7CAF8B714C805281BB /* Frameworks */ = {
			isa = PBXGroup;
			children = (
				FC719396BA50A503003FA245 /* Pods_ATTSanDiego.framework */,
				7BFCFF5C3F7D62256B438060 /* Pods_ATTSanDiegoTests.framework */,
			);
			name = Frameworks;
			sourceTree = "<group>";
		};
/* End PBXGroup section */

/* Begin PBXNativeTarget section */
		55AEC61D1DC524A000F9EE04 /* ATTSanDiego */ = {
			isa = PBXNativeTarget;
			buildConfigurationList = 55AEC63B1DC524A100F9EE04 /* Build configuration list for PBXNativeTarget "ATTSanDiego" */;
			buildPhases = (
				B65C87F44F054D062BC7EC84 /* [CP] Check Pods Manifest.lock */,
				55AEC61A1DC524A000F9EE04 /* Sources */,
				55AEC61B1DC524A000F9EE04 /* Frameworks */,
				55AEC61C1DC524A000F9EE04 /* Resources */,
				15E21187A31BA287B1B41326 /* [CP] Embed Pods Frameworks */,
				45C9DB9463AB33C12CAE1AA4 /* [CP] Copy Pods Resources */,
			);
			buildRules = (
			);
			dependencies = (
			);
			name = ATTSanDiego;
			productName = ATTSanDiego;
			productReference = 55AEC61E1DC524A000F9EE04 /* ATTSanDiego.app */;
			productType = "com.apple.product-type.application";
		};
		55AEC6311DC524A100F9EE04 /* ATTSanDiegoTests */ = {
			isa = PBXNativeTarget;
			buildConfigurationList = 55AEC63E1DC524A100F9EE04 /* Build configuration list for PBXNativeTarget "ATTSanDiegoTests" */;
			buildPhases = (
				E176CE4F9030C15E9F3E8EF7 /* [CP] Check Pods Manifest.lock */,
				55AEC62E1DC524A100F9EE04 /* Sources */,
				55AEC62F1DC524A100F9EE04 /* Frameworks */,
				55AEC6301DC524A100F9EE04 /* Resources */,
				12145B574EBE01BD0F9C70D4 /* [CP] Embed Pods Frameworks */,
				B365A228F47F119A0EA43E06 /* [CP] Copy Pods Resources */,
			);
			buildRules = (
			);
			dependencies = (
				55AEC6341DC524A100F9EE04 /* PBXTargetDependency */,
			);
			name = ATTSanDiegoTests;
			productName = ATTSanDiegoTests;
			productReference = 55AEC6321DC524A100F9EE04 /* ATTSanDiegoTests.xctest */;
			productType = "com.apple.product-type.bundle.unit-test";
		};
/* End PBXNativeTarget section */

/* Begin PBXProject section */
		55AEC6161DC524A000F9EE04 /* Project object */ = {
			isa = PBXProject;
			attributes = {
				LastSwiftUpdateCheck = 0800;
				LastUpgradeCheck = 0800;
				ORGANIZATIONNAME = "Tony Li";
				TargetAttributes = {
					55AEC61D1DC524A000F9EE04 = {
						CreatedOnToolsVersion = 8.0;
						DevelopmentTeam = 3HW277PH2D;
						ProvisioningStyle = Automatic;
					};
					55AEC6311DC524A100F9EE04 = {
						CreatedOnToolsVersion = 8.0;
						DevelopmentTeam = 3HW277PH2D;
						ProvisioningStyle = Automatic;
						TestTargetID = 55AEC61D1DC524A000F9EE04;
					};
				};
			};
			buildConfigurationList = 55AEC6191DC524A000F9EE04 /* Build configuration list for PBXProject "ATTSanDiego" */;
			compatibilityVersion = "Xcode 3.2";
			developmentRegion = English;
			hasScannedForEncodings = 0;
			knownRegions = (
				en,
				Base,
			);
			mainGroup = 55AEC6151DC524A000F9EE04;
			productRefGroup = 55AEC61F1DC524A000F9EE04 /* Products */;
			projectDirPath = "";
			projectRoot = "";
			targets = (
				55AEC61D1DC524A000F9EE04 /* ATTSanDiego */,
				55AEC6311DC524A100F9EE04 /* ATTSanDiegoTests */,
			);
		};
/* End PBXProject section */

/* Begin PBXResourcesBuildPhase section */
		55AEC61C1DC524A000F9EE04 /* Resources */ = {
			isa = PBXResourcesBuildPhase;
			buildActionMask = 2147483647;
			files = (
				55AEC62C1DC524A000F9EE04 /* LaunchScreen.storyboard in Resources */,
				55AEC6291DC524A000F9EE04 /* Assets.xcassets in Resources */,
				55AEC6271DC524A000F9EE04 /* Main.storyboard in Resources */,
			);
			runOnlyForDeploymentPostprocessing = 0;
		};
		55AEC6301DC524A100F9EE04 /* Resources */ = {
			isa = PBXResourcesBuildPhase;
			buildActionMask = 2147483647;
			files = (
			);
			runOnlyForDeploymentPostprocessing = 0;
		};
/* End PBXResourcesBuildPhase section */

/* Begin PBXShellScriptBuildPhase section */
		12145B574EBE01BD0F9C70D4 /* [CP] Embed Pods Frameworks */ = {
			isa = PBXShellScriptBuildPhase;
			buildActionMask = 2147483647;
			files = (
			);
			inputPaths = (
			);
			name = "[CP] Embed Pods Frameworks";
			outputPaths = (
			);
			runOnlyForDeploymentPostprocessing = 0;
			shellPath = /bin/sh;
			shellScript = "\"${SRCROOT}/Pods/Target Support Files/Pods-ATTSanDiegoTests/Pods-ATTSanDiegoTests-frameworks.sh\"\n";
			showEnvVarsInLog = 0;
		};
		15E21187A31BA287B1B41326 /* [CP] Embed Pods Frameworks */ = {
			isa = PBXShellScriptBuildPhase;
			buildActionMask = 2147483647;
			files = (
			);
			inputPaths = (
			);
			name = "[CP] Embed Pods Frameworks";
			outputPaths = (
			);
			runOnlyForDeploymentPostprocessing = 0;
			shellPath = /bin/sh;
			shellScript = "\"${SRCROOT}/Pods/Target Support Files/Pods-ATTSanDiego/Pods-ATTSanDiego-frameworks.sh\"\n";
			showEnvVarsInLog = 0;
		};
		45C9DB9463AB33C12CAE1AA4 /* [CP] Copy Pods Resources */ = {
			isa = PBXShellScriptBuildPhase;
			buildActionMask = 2147483647;
			files = (
			);
			inputPaths = (
			);
			name = "[CP] Copy Pods Resources";
			outputPaths = (
			);
			runOnlyForDeploymentPostprocessing = 0;
			shellPath = /bin/sh;
			shellScript = "\"${SRCROOT}/Pods/Target Support Files/Pods-ATTSanDiego/Pods-ATTSanDiego-resources.sh\"\n";
			showEnvVarsInLog = 0;
		};
		B365A228F47F119A0EA43E06 /* [CP] Copy Pods Resources */ = {
			isa = PBXShellScriptBuildPhase;
			buildActionMask = 2147483647;
			files = (
			);
			inputPaths = (
			);
			name = "[CP] Copy Pods Resources";
			outputPaths = (
			);
			runOnlyForDeploymentPostprocessing = 0;
			shellPath = /bin/sh;
			shellScript = "\"${SRCROOT}/Pods/Target Support Files/Pods-ATTSanDiegoTests/Pods-ATTSanDiegoTests-resources.sh\"\n";
			showEnvVarsInLog = 0;
		};
		B65C87F44F054D062BC7EC84 /* [CP] Check Pods Manifest.lock */ = {
			isa = PBXShellScriptBuildPhase;
			buildActionMask = 2147483647;
			files = (
			);
			inputPaths = (
			);
			name = "[CP] Check Pods Manifest.lock";
			outputPaths = (
			);
			runOnlyForDeploymentPostprocessing = 0;
			shellPath = /bin/sh;
			shellScript = "diff \"${PODS_ROOT}/../Podfile.lock\" \"${PODS_ROOT}/Manifest.lock\" > /dev/null\nif [ $? != 0 ] ; then\n    # print error to STDERR\n    echo \"error: The sandbox is not in sync with the Podfile.lock. Run \'pod install\' or update your CocoaPods installation.\" >&2\n    exit 1\nfi\n";
			showEnvVarsInLog = 0;
		};
		E176CE4F9030C15E9F3E8EF7 /* [CP] Check Pods Manifest.lock */ = {
			isa = PBXShellScriptBuildPhase;
			buildActionMask = 2147483647;
			files = (
			);
			inputPaths = (
			);
			name = "[CP] Check Pods Manifest.lock";
			outputPaths = (
			);
			runOnlyForDeploymentPostprocessing = 0;
			shellPath = /bin/sh;
			shellScript = "diff \"${PODS_ROOT}/../Podfile.lock\" \"${PODS_ROOT}/Manifest.lock\" > /dev/null\nif [ $? != 0 ] ; then\n    # print error to STDERR\n    echo \"error: The sandbox is not in sync with the Podfile.lock. Run \'pod install\' or update your CocoaPods installation.\" >&2\n    exit 1\nfi\n";
			showEnvVarsInLog = 0;
		};
/* End PBXShellScriptBuildPhase section */

/* Begin PBXSourcesBuildPhase section */
		55AEC61A1DC524A000F9EE04 /* Sources */ = {
			isa = PBXSourcesBuildPhase;
			buildActionMask = 2147483647;
			files = (
				55AEC6241DC524A000F9EE04 /* ViewController.swift in Sources */,
				55AEC6221DC524A000F9EE04 /* AppDelegate.swift in Sources */,
			);
			runOnlyForDeploymentPostprocessing = 0;
		};
		55AEC62E1DC524A100F9EE04 /* Sources */ = {
			isa = PBXSourcesBuildPhase;
			buildActionMask = 2147483647;
			files = (
				55AEC6371DC524A100F9EE04 /* ATTSanDiegoTests.swift in Sources */,
			);
			runOnlyForDeploymentPostprocessing = 0;
		};
/* End PBXSourcesBuildPhase section */

/* Begin PBXTargetDependency section */
		55AEC6341DC524A100F9EE04 /* PBXTargetDependency */ = {
			isa = PBXTargetDependency;
			target = 55AEC61D1DC524A000F9EE04 /* ATTSanDiego */;
			targetProxy = 55AEC6331DC524A100F9EE04 /* PBXContainerItemProxy */;
		};
/* End PBXTargetDependency section */

/* Begin PBXVariantGroup section */
		55AEC6251DC524A000F9EE04 /* Main.storyboard */ = {
			isa = PBXVariantGroup;
			children = (
				55AEC6261DC524A000F9EE04 /* Base */,
			);
			name = Main.storyboard;
			sourceTree = "<group>";
		};
		55AEC62A1DC524A000F9EE04 /* LaunchScreen.storyboard */ = {
			isa = PBXVariantGroup;
			children = (
				55AEC62B1DC524A000F9EE04 /* Base */,
			);
			name = LaunchScreen.storyboard;
			sourceTree = "<group>";
		};
/* End PBXVariantGroup section */

/* Begin XCBuildConfiguration section */
		55AEC6391DC524A100F9EE04 /* Debug */ = {
			isa = XCBuildConfiguration;
			buildSettings = {
				ALWAYS_SEARCH_USER_PATHS = NO;
				CLANG_ANALYZER_NONNULL = YES;
				CLANG_CXX_LANGUAGE_STANDARD = "gnu++0x";
				CLANG_CXX_LIBRARY = "libc++";
				CLANG_ENABLE_MODULES = YES;
				CLANG_ENABLE_OBJC_ARC = YES;
				CLANG_WARN_BOOL_CONVERSION = YES;
				CLANG_WARN_CONSTANT_CONVERSION = YES;
				CLANG_WARN_DIRECT_OBJC_ISA_USAGE = YES_ERROR;
				CLANG_WARN_DOCUMENTATION_COMMENTS = YES;
				CLANG_WARN_EMPTY_BODY = YES;
				CLANG_WARN_ENUM_CONVERSION = YES;
				CLANG_WARN_INFINITE_RECURSION = YES;
				CLANG_WARN_INT_CONVERSION = YES;
				CLANG_WARN_OBJC_ROOT_CLASS = YES_ERROR;
				CLANG_WARN_SUSPICIOUS_MOVES = YES;
				CLANG_WARN_UNREACHABLE_CODE = YES;
				CLANG_WARN__DUPLICATE_METHOD_MATCH = YES;
				"CODE_SIGN_IDENTITY[sdk=iphoneos*]" = "iPhone Developer";
				COPY_PHASE_STRIP = NO;
				DEBUG_INFORMATION_FORMAT = dwarf;
				ENABLE_STRICT_OBJC_MSGSEND = YES;
				ENABLE_TESTABILITY = YES;
				GCC_C_LANGUAGE_STANDARD = gnu99;
				GCC_DYNAMIC_NO_PIC = NO;
				GCC_NO_COMMON_BLOCKS = YES;
				GCC_OPTIMIZATION_LEVEL = 0;
				GCC_PREPROCESSOR_DEFINITIONS = (
					"DEBUG=1",
					"$(inherited)",
				);
				GCC_WARN_64_TO_32_BIT_CONVERSION = YES;
				GCC_WARN_ABOUT_RETURN_TYPE = YES_ERROR;
				GCC_WARN_UNDECLARED_SELECTOR = YES;
				GCC_WARN_UNINITIALIZED_AUTOS = YES_AGGRESSIVE;
				GCC_WARN_UNUSED_FUNCTION = YES;
				GCC_WARN_UNUSED_VARIABLE = YES;
				IPHONEOS_DEPLOYMENT_TARGET = 10.0;
				MTL_ENABLE_DEBUG_INFO = YES;
				ONLY_ACTIVE_ARCH = YES;
				SDKROOT = iphoneos;
				SWIFT_ACTIVE_COMPILATION_CONDITIONS = DEBUG;
				SWIFT_OPTIMIZATION_LEVEL = "-Onone";
				TARGETED_DEVICE_FAMILY = "1,2";
			};
			name = Debug;
		};
		55AEC63A1DC524A100F9EE04 /* Release */ = {
			isa = XCBuildConfiguration;
			buildSettings = {
				ALWAYS_SEARCH_USER_PATHS = NO;
				CLANG_ANALYZER_NONNULL = YES;
				CLANG_CXX_LANGUAGE_STANDARD = "gnu++0x";
				CLANG_CXX_LIBRARY = "libc++";
				CLANG_ENABLE_MODULES = YES;
				CLANG_ENABLE_OBJC_ARC = YES;
				CLANG_WARN_BOOL_CONVERSION = YES;
				CLANG_WARN_CONSTANT_CONVERSION = YES;
				CLANG_WARN_DIRECT_OBJC_ISA_USAGE = YES_ERROR;
				CLANG_WARN_DOCUMENTATION_COMMENTS = YES;
				CLANG_WARN_EMPTY_BODY = YES;
				CLANG_WARN_ENUM_CONVERSION = YES;
				CLANG_WARN_INFINITE_RECURSION = YES;
				CLANG_WARN_INT_CONVERSION = YES;
				CLANG_WARN_OBJC_ROOT_CLASS = YES_ERROR;
				CLANG_WARN_SUSPICIOUS_MOVES = YES;
				CLANG_WARN_UNREACHABLE_CODE = YES;
				CLANG_WARN__DUPLICATE_METHOD_MATCH = YES;
				"CODE_SIGN_IDENTITY[sdk=iphoneos*]" = "iPhone Developer";
				COPY_PHASE_STRIP = NO;
				DEBUG_INFORMATION_FORMAT = "dwarf-with-dsym";
				ENABLE_NS_ASSERTIONS = NO;
				ENABLE_STRICT_OBJC_MSGSEND = YES;
				GCC_C_LANGUAGE_STANDARD = gnu99;
				GCC_NO_COMMON_BLOCKS = YES;
				GCC_WARN_64_TO_32_BIT_CONVERSION = YES;
				GCC_WARN_ABOUT_RETURN_TYPE = YES_ERROR;
				GCC_WARN_UNDECLARED_SELECTOR = YES;
				GCC_WARN_UNINITIALIZED_AUTOS = YES_AGGRESSIVE;
				GCC_WARN_UNUSED_FUNCTION = YES;
				GCC_WARN_UNUSED_VARIABLE = YES;
				IPHONEOS_DEPLOYMENT_TARGET = 10.0;
				MTL_ENABLE_DEBUG_INFO = NO;
				SDKROOT = iphoneos;
				SWIFT_OPTIMIZATION_LEVEL = "-Owholemodule";
				TARGETED_DEVICE_FAMILY = "1,2";
				VALIDATE_PRODUCT = YES;
			};
			name = Release;
		};
		55AEC63C1DC524A100F9EE04 /* Debug */ = {
			isa = XCBuildConfiguration;
			baseConfigurationReference = BA055B98207DFC66D6EE6833 /* Pods-ATTSanDiego.debug.xcconfig */;
			buildSettings = {
				ASSETCATALOG_COMPILER_APPICON_NAME = AppIcon;
				DEVELOPMENT_TEAM = 3HW277PH2D;
				INFOPLIST_FILE = ATTSanDiego/Info.plist;
				LD_RUNPATH_SEARCH_PATHS = "$(inherited) @executable_path/Frameworks";
				PRODUCT_BUNDLE_IDENTIFIER = TonyLi.ATTSanDiego;
				PRODUCT_NAME = "$(TARGET_NAME)";
				SWIFT_VERSION = 3.0;
			};
			name = Debug;
		};
		55AEC63D1DC524A100F9EE04 /* Release */ = {
			isa = XCBuildConfiguration;
			baseConfigurationReference = DFC3EB09AB54A3088FECB961 /* Pods-ATTSanDiego.release.xcconfig */;
			buildSettings = {
				ASSETCATALOG_COMPILER_APPICON_NAME = AppIcon;
				DEVELOPMENT_TEAM = 3HW277PH2D;
				INFOPLIST_FILE = ATTSanDiego/Info.plist;
				LD_RUNPATH_SEARCH_PATHS = "$(inherited) @executable_path/Frameworks";
				PRODUCT_BUNDLE_IDENTIFIER = TonyLi.ATTSanDiego;
				PRODUCT_NAME = "$(TARGET_NAME)";
				SWIFT_VERSION = 3.0;
			};
			name = Release;
		};
		55AEC63F1DC524A100F9EE04 /* Debug */ = {
			isa = XCBuildConfiguration;
			baseConfigurationReference = 521EF3FF16FF8632DA687F1F /* Pods-ATTSanDiegoTests.debug.xcconfig */;
			buildSettings = {
				ALWAYS_EMBED_SWIFT_STANDARD_LIBRARIES = YES;
				BUNDLE_LOADER = "$(TEST_HOST)";
				DEVELOPMENT_TEAM = 3HW277PH2D;
				INFOPLIST_FILE = ATTSanDiegoTests/Info.plist;
				LD_RUNPATH_SEARCH_PATHS = "$(inherited) @executable_path/Frameworks @loader_path/Frameworks";
				PRODUCT_BUNDLE_IDENTIFIER = TonyLi.ATTSanDiegoTests;
				PRODUCT_NAME = "$(TARGET_NAME)";
				SWIFT_VERSION = 3.0;
				TEST_HOST = "$(BUILT_PRODUCTS_DIR)/ATTSanDiego.app/ATTSanDiego";
			};
			name = Debug;
		};
		55AEC6401DC524A100F9EE04 /* Release */ = {
			isa = XCBuildConfiguration;
			baseConfigurationReference = 9F102CAA8F67A59B61C95CF9 /* Pods-ATTSanDiegoTests.release.xcconfig */;
			buildSettings = {
				ALWAYS_EMBED_SWIFT_STANDARD_LIBRARIES = YES;
				BUNDLE_LOADER = "$(TEST_HOST)";
				DEVELOPMENT_TEAM = 3HW277PH2D;
				INFOPLIST_FILE = ATTSanDiegoTests/Info.plist;
				LD_RUNPATH_SEARCH_PATHS = "$(inherited) @executable_path/Frameworks @loader_path/Frameworks";
				PRODUCT_BUNDLE_IDENTIFIER = TonyLi.ATTSanDiegoTests;
				PRODUCT_NAME = "$(TARGET_NAME)";
				SWIFT_VERSION = 3.0;
				TEST_HOST = "$(BUILT_PRODUCTS_DIR)/ATTSanDiego.app/ATTSanDiego";
			};
			name = Release;
		};
/* End XCBuildConfiguration section */

/* Begin XCConfigurationList section */
		55AEC6191DC524A000F9EE04 /* Build configuration list for PBXProject "ATTSanDiego" */ = {
			isa = XCConfigurationList;
			buildConfigurations = (
				55AEC6391DC524A100F9EE04 /* Debug */,
				55AEC63A1DC524A100F9EE04 /* Release */,
			);
			defaultConfigurationIsVisible = 0;
			defaultConfigurationName = Release;
		};
		55AEC63B1DC524A100F9EE04 /* Build configuration list for PBXNativeTarget "ATTSanDiego" */ = {
			isa = XCConfigurationList;
			buildConfigurations = (
				55AEC63C1DC524A100F9EE04 /* Debug */,
				55AEC63D1DC524A100F9EE04 /* Release */,
			);
			defaultConfigurationIsVisible = 0;
		};
		55AEC63E1DC524A100F9EE04 /* Build configuration list for PBXNativeTarget "ATTSanDiegoTests" */ = {
			isa = XCConfigurationList;
			buildConfigurations = (
				55AEC63F1DC524A100F9EE04 /* Debug */,
				55AEC6401DC524A100F9EE04 /* Release */,
			);
			defaultConfigurationIsVisible = 0;
		};
/* End XCConfigurationList section */
	};
	rootObject = 55AEC6161DC524A000F9EE04 /* Project object */;
}
